<?xml version="1.0" encoding="utf-8"?>
<Project ToolsVersion="4.0" xmlns="http://schemas.microsoft.com/developer/msbuild/2003">
  <ItemGroup>
    <Filter Include="源文件">
      <UniqueIdentifier>{4FC737F1-C7A5-4376-A066-2A32D752A2FF}</UniqueIdentifier>
      <Extensions>cpp;c;cc;cxx;c++;cppm;ixx;def;odl;idl;hpj;bat;asm;asmx</Extensions>
    </Filter>
    <Filter Include="资源文件">
      <UniqueIdentifier>{67DA6AB6-F800-4c08-8B7A-83BB121AAD01}</UniqueIdentifier>
      <Extensions>rc;ico;cur;bmp;dlg;rc2;rct;bin;rgs;gif;jpg;jpeg;jpe;resx;tiff;tif;png;wav;mfcribbon-ms</Extensions>
    </Filter>
    <Filter Include="Levels">
      <UniqueIdentifier>{b3617cd3-df30-44ed-a872-5eb3eea84c28}</UniqueIdentifier>
    </Filter>
    <Filter Include="头文件">
      <UniqueIdentifier>{93995380-89BD-4b04-88EB-625FBE52EBFB}</UniqueIdentifier>
      <Extensions>h;hh;hpp;hxx;h++;hm;inl;inc;ipp;xsd</Extensions>
    </Filter>
    <Filter Include="ImGui">
      <UniqueIdentifier>{06e2493c-7a5e-44bd-b354-5a6205118a88}</UniqueIdentifier>
    </Filter>
    <Filter Include="源文件\Core">
      <UniqueIdentifier>{27ab8917-3c81-4ae7-a2a0-4c9efec5af3c}</UniqueIdentifier>
    </Filter>
    <Filter Include="源文件\Core\py">
      <UniqueIdentifier>{fa36ca7c-8f24-4f6c-b056-6daed57b2c3b}</UniqueIdentifier>
    </Filter>
  </ItemGroup>
  <ItemGroup>
    <ClCompile Include="main.cpp">
      <Filter>源文件</Filter>
    </ClCompile>
    <ClCompile Include="Libraries\imgui\imgui.cpp">
      <Filter>ImGui</Filter>
    </ClCompile>
    <ClCompile Include="Libraries\imgui\imgui_draw.cpp">
      <Filter>ImGui</Filter>
    </ClCompile>
    <ClCompile Include="Libraries\imgui\backends\imgui_impl_win32.cpp">
      <Filter>ImGui</Filter>
    </ClCompile>
    <ClCompile Include="Libraries\imgui\backends\imgui_impl_dx11.cpp">
      <Filter>ImGui</Filter>
    </ClCompile>
    <ClCompile Include="Libraries\imgui\imgui_demo.cpp">
      <Filter>ImGui</Filter>
    </ClCompile>
    <ClCompile Include="Libraries\imgui\imgui_tables.cpp">
      <Filter>ImGui</Filter>
    </ClCompile>
    <ClCompile Include="Libraries\imgui\imgui_widgets.cpp">
      <Filter>ImGui</Filter>
    </ClCompile>
    <ClCompile Include="Form_main.cpp">
      <Filter>源文件</Filter>
    </ClCompile>
    <ClCompile Include="core\ScriptParse.cpp">
      <Filter>源文件\Core</Filter>
    </ClCompile>
    <ClCompile Include="core\TextCore.cpp">
      <Filter>源文件\Core</Filter>
    </ClCompile>
    <ClCompile Include="core\MemCore.cpp">
      <Filter>源文件\Core</Filter>
    </ClCompile>
    <ClCompile Include="core\CompilerCore.cpp">
      <Filter>源文件\Core</Filter>
    </ClCompile>
  </ItemGroup>
  <ItemGroup>
    <ClInclude Include="core\TextCore.h">
      <Filter>头文件</Filter>
    </ClInclude>
    <ClInclude Include="Packer.cpp">
      <Filter>源文件</Filter>
    </ClInclude>
    <ClInclude Include="Packer.h">
      <Filter>头文件</Filter>
    </ClInclude>
    <ClInclude Include="ImGuiEngine.h">
      <Filter>头文件</Filter>
    </ClInclude>
    <ClInclude Include="Libraries\imgui\imconfig.h">
      <Filter>ImGui</Filter>
    </ClInclude>
    <ClInclude Include="Libraries\imgui\imgui.h">
      <Filter>ImGui</Filter>
    </ClInclude>
    <ClInclude Include="Libraries\imgui\imgui_internal.h">
      <Filter>ImGui</Filter>
    </ClInclude>
  </ItemGroup>
  <ItemGroup>
    <None Include="Levels\map_main.tgl">
      <Filter>Levels</Filter>
    </None>
    <None Include="core\py\LARK_TRANSFORM_SCRIPT.py">
      <Filter>源文件\Core\py</Filter>
    </None>
    <None Include="core\py\WRAPPER.py">
      <Filter>源文件\Core\py</Filter>
    </None>
    <None Include="Levels\test.tgl">
      <Filter>资源文件</Filter>
    </None>
  </ItemGroup>
</Project>